# This file is autogenerated, do not edit; changes may be undone by the next 'dep ensure'.


[[projects]]
  branch = "master"
  name = "github.com/go-test/deep"
  packages = ["."]
  revision = "f49763a6ea0a91026be26f8213bebee726b4185f"

[solve-meta]
  analyzer-name = "dep"
  analyzer-version = 1
  inputs-digest = "bc476f93fa2a6cdf14f39d2e36e3141eec0a5fb13ef8fc74de3947e03ec23ab8"
  solver-name = "gps-cdcl"
  solver-version = 1
